
Microsoft Visual Studio Solution File, Format Version 12.00
# Visual Studio Version 16
VisualStudioVersion = 16.0.30608.117
MinimumVisualStudioVersion = 15.0.26124.0
Project("{2150E333-8FDC-42A3-9474-1A3956D46DE8}") = "src", "src", "{749B1421-3177-4C7A-A66B-541BD4E925B0}"
EndProject
Project("{2150E333-8FDC-42A3-9474-1A3956D46DE8}") = "test", "test", "{ADD2EBBA-A839-4E4A-9253-CDE29A372F07}"
EndProject
Project("{2150E333-8FDC-42A3-9474-1A3956D46DE8}") = "Solution Items", "Solution Items", "{C8804689-D33A-45CC-B025-2854D37A2D14}"
	ProjectSection(SolutionItems) = preProject
		.gitignore = .gitignore
		Dockerfile = Dockerfile
		.github\workflows\dotnet-core.yaml = .github\workflows\dotnet-core.yaml
		k8s-deployment.yaml = k8s-deployment.yaml
		Readme.md = Readme.md
	EndProjectSection
EndProject
Project("{9A19103F-16F7-4668-BE54-9A1E7A4F7556}") = "SampleExchangeApi.Console", "src\SampleExchangeApi.Console\SampleExchangeApi.Console.csproj", "{7FF9FFC4-7E16-4CA1-A9BC-50C5F31618BB}"
EndProject
Project("{9A19103F-16F7-4668-BE54-9A1E7A4F7556}") = "SampleExchangeApi.Console_Test", "test\SampleExchangeApi.Console_Test\SampleExchangeApi.Console_Test.csproj", "{2111109E-D9D6-4D7C-ACA4-AE169112D151}"
EndProject
Global
	GlobalSection(SolutionConfigurationPlatforms) = preSolution
		Debug|Any CPU = Debug|Any CPU
		Debug|x64 = Debug|x64
		Debug|x86 = Debug|x86
		Release|Any CPU = Release|Any CPU
		Release|x64 = Release|x64
		Release|x86 = Release|x86
	EndGlobalSection
	GlobalSection(ProjectConfigurationPlatforms) = postSolution
		{7FF9FFC4-7E16-4CA1-A9BC-50C5F31618BB}.Debug|Any CPU.ActiveCfg = Debug|Any CPU
		{7FF9FFC4-7E16-4CA1-A9BC-50C5F31618BB}.Debug|Any CPU.Build.0 = Debug|Any CPU
		{7FF9FFC4-7E16-4CA1-A9BC-50C5F31618BB}.Debug|x64.ActiveCfg = Debug|Any CPU
		{7FF9FFC4-7E16-4CA1-A9BC-50C5F31618BB}.Debug|x64.Build.0 = Debug|Any CPU
		{7FF9FFC4-7E16-4CA1-A9BC-50C5F31618BB}.Debug|x86.ActiveCfg = Debug|Any CPU
		{7FF9FFC4-7E16-4CA1-A9BC-50C5F31618BB}.Debug|x86.Build.0 = Debug|Any CPU
		{7FF9FFC4-7E16-4CA1-A9BC-50C5F31618BB}.Release|Any CPU.ActiveCfg = Release|Any CPU
		{7FF9FFC4-7E16-4CA1-A9BC-50C5F31618BB}.Release|Any CPU.Build.0 = Release|Any CPU
		{7FF9FFC4-7E16-4CA1-A9BC-50C5F31618BB}.Release|x64.ActiveCfg = Release|Any CPU
		{7FF9FFC4-7E16-4CA1-A9BC-50C5F31618BB}.Release|x64.Build.0 = Release|Any CPU
		{7FF9FFC4-7E16-4CA1-A9BC-50C5F31618BB}.Release|x86.ActiveCfg = Release|Any CPU
		{7FF9FFC4-7E16-4CA1-A9BC-50C5F31618BB}.Release|x86.Build.0 = Release|Any CPU
		{2111109E-D9D6-4D7C-ACA4-AE169112D151}.Debug|Any CPU.ActiveCfg = Debug|Any CPU
		{2111109E-D9D6-4D7C-ACA4-AE169112D151}.Debug|Any CPU.Build.0 = Debug|Any CPU
		{2111109E-D9D6-4D7C-ACA4-AE169112D151}.Debug|x64.ActiveCfg = Debug|Any CPU
		{2111109E-D9D6-4D7C-ACA4-AE169112D151}.Debug|x64.Build.0 = Debug|Any CPU
		{2111109E-D9D6-4D7C-ACA4-AE169112D151}.Debug|x86.ActiveCfg = Debug|Any CPU
		{2111109E-D9D6-4D7C-ACA4-AE169112D151}.Debug|x86.Build.0 = Debug|Any CPU
		{2111109E-D9D6-4D7C-ACA4-AE169112D151}.Release|Any CPU.ActiveCfg = Release|Any CPU
		{2111109E-D9D6-4D7C-ACA4-AE169112D151}.Release|Any CPU.Build.0 = Release|Any CPU
		{2111109E-D9D6-4D7C-ACA4-AE169112D151}.Release|x64.ActiveCfg = Release|Any CPU
		{2111109E-D9D6-4D7C-ACA4-AE169112D151}.Release|x64.Build.0 = Release|Any CPU
		{2111109E-D9D6-4D7C-ACA4-AE169112D151}.Release|x86.ActiveCfg = Release|Any CPU
		{2111109E-D9D6-4D7C-ACA4-AE169112D151}.Release|x86.Build.0 = Release|Any CPU
	EndGlobalSection
	GlobalSection(SolutionProperties) = preSolution
		HideSolutionNode = FALSE
	EndGlobalSection
	GlobalSection(NestedProjects) = preSolution
		{7FF9FFC4-7E16-4CA1-A9BC-50C5F31618BB} = {749B1421-3177-4C7A-A66B-541BD4E925B0}
		{2111109E-D9D6-4D7C-ACA4-AE169112D151} = {ADD2EBBA-A839-4E4A-9253-CDE29A372F07}
	EndGlobalSection
	GlobalSection(ExtensibilityGlobals) = postSolution
		SolutionGuid = {5E91C34C-3AEC-4084-BA02-753C9236AA34}
	EndGlobalSection
EndGlobal
